
Microsoft Visual Studio Solution File, Format Version 12.00
# Visual Studio Version 16
VisualStudioVersion = 16.0.30309.148
MinimumVisualStudioVersion = 10.0.40219.1
Project("{FAE04EC0-301F-11D3-BF4B-00C04F79EFBC}") = "ConsoleApp200720", "ConsoleApp200720\ConsoleApp200720.csproj", "{1A3C8298-515E-468E-B4B5-966A2BCBF4CB}"
EndProject
Global
	GlobalSection(SolutionConfigurationPlatforms) = preSolution
		Debug|Any CPU = Debug|Any CPU
		Release|Any CPU = Release|Any CPU
	EndGlobalSection
	GlobalSection(ProjectConfigurationPlatforms) = postSolution
		{1A3C8298-515E-468E-B4B5-966A2BCBF4CB}.Debug|Any CPU.ActiveCfg = Debug|Any CPU
		{1A3C8298-515E-468E-B4B5-966A2BCBF4CB}.Debug|Any CPU.Build.0 = Debug|Any CPU
		{1A3C8298-515E-468E-B4B5-966A2BCBF4CB}.Release|Any CPU.ActiveCfg = Release|Any CPU
		{1A3C8298-515E-468E-B4B5-966A2BCBF4CB}.Release|Any CPU.Build.0 = Release|Any CPU
	EndGlobalSection
	GlobalSection(SolutionProperties) = preSolution
		HideSolutionNode = FALSE
	EndGlobalSection
	GlobalSection(ExtensibilityGlobals) = postSolution
		SolutionGuid = {A54D8E5E-9EBB-4F51-B1FF-3B4FD14A9642}
	EndGlobalSection
EndGlobal
