
Microsoft Visual Studio Solution File, Format Version 12.00
# Visual Studio Version 16
VisualStudioVersion = 16.0.30128.74
MinimumVisualStudioVersion = 10.0.40219.1
Project("{FAE04EC0-301F-11D3-BF4B-00C04F79EFBC}") = "HelloWorld", "HelloWorld\HelloWorld.csproj", "{11B6D04D-6179-4EEA-899E-9A1A84A76A82}"
EndProject
Global
	GlobalSection(SolutionConfigurationPlatforms) = preSolution
		Debug|Any CPU = Debug|Any CPU
		Release|Any CPU = Release|Any CPU
	EndGlobalSection
	GlobalSection(ProjectConfigurationPlatforms) = postSolution
		{11B6D04D-6179-4EEA-899E-9A1A84A76A82}.Debug|Any CPU.ActiveCfg = Debug|Any CPU
		{11B6D04D-6179-4EEA-899E-9A1A84A76A82}.Debug|Any CPU.Build.0 = Debug|Any CPU
		{11B6D04D-6179-4EEA-899E-9A1A84A76A82}.Release|Any CPU.ActiveCfg = Release|Any CPU
		{11B6D04D-6179-4EEA-899E-9A1A84A76A82}.Release|Any CPU.Build.0 = Release|Any CPU
	EndGlobalSection
	GlobalSection(SolutionProperties) = preSolution
		HideSolutionNode = FALSE
	EndGlobalSection
	GlobalSection(ExtensibilityGlobals) = postSolution
		SolutionGuid = {7FD2AFA3-345C-4596-9739-56D333DEBD4A}
	EndGlobalSection
EndGlobal
