
Microsoft Visual Studio Solution File, Format Version 12.00
# Visual Studio Version 16
VisualStudioVersion = 16.0.30309.148
MinimumVisualStudioVersion = 10.0.40219.1
Project("{FAE04EC0-301F-11D3-BF4B-00C04F79EFBC}") = "ConsoleApp200722", "ConsoleApp200722\ConsoleApp200722.csproj", "{75BD09B6-F418-4237-B96E-2C85D922DFB2}"
EndProject
Global
	GlobalSection(SolutionConfigurationPlatforms) = preSolution
		Debug|Any CPU = Debug|Any CPU
		Release|Any CPU = Release|Any CPU
	EndGlobalSection
	GlobalSection(ProjectConfigurationPlatforms) = postSolution
		{75BD09B6-F418-4237-B96E-2C85D922DFB2}.Debug|Any CPU.ActiveCfg = Debug|Any CPU
		{75BD09B6-F418-4237-B96E-2C85D922DFB2}.Debug|Any CPU.Build.0 = Debug|Any CPU
		{75BD09B6-F418-4237-B96E-2C85D922DFB2}.Release|Any CPU.ActiveCfg = Release|Any CPU
		{75BD09B6-F418-4237-B96E-2C85D922DFB2}.Release|Any CPU.Build.0 = Release|Any CPU
	EndGlobalSection
	GlobalSection(SolutionProperties) = preSolution
		HideSolutionNode = FALSE
	EndGlobalSection
	GlobalSection(ExtensibilityGlobals) = postSolution
		SolutionGuid = {4A67C30F-5541-4BD4-93D5-03361E2E1B89}
	EndGlobalSection
EndGlobal
